// !$*UTF8*$!
{
	archiveVersion = 1;
	classes = {
	};
	objectVersion = 48;
	objects = {

/* Begin PBXBuildFile section */
		7F1ACC691F393EBE0023123D /* AppDelegate.swift in Sources */ = {isa = PBXBuildFile; fileRef = 7F1ACC681F393EBE0023123D /* AppDelegate.swift */; };
		7F1ACC6B1F393EBE0023123D /* ViewController.swift in Sources */ = {isa = PBXBuildFile; fileRef = 7F1ACC6A1F393EBE0023123D /* ViewController.swift */; };
		7F1ACC6E1F393EBE0023123D /* Main.storyboard in Resources */ = {isa = PBXBuildFile; fileRef = 7F1ACC6C1F393EBE0023123D /* Main.storyboard */; };
		7F1ACC701F393EBE0023123D /* Assets.xcassets in Resources */ = {isa = PBXBuildFile; fileRef = 7F1ACC6F1F393EBE0023123D /* Assets.xcassets */; };
		7F1ACC731F393EBE0023123D /* LaunchScreen.storyboard in Resources */ = {isa = PBXBuildFile; fileRef = 7F1ACC711F393EBE0023123D /* LaunchScreen.storyboard */; };
		7F1ACC7C1F396D500023123D /* LocalAuthentication.framework in Frameworks */ = {isa = PBXBuildFile; fileRef = 7F1ACC7B1F396D500023123D /* LocalAuthentication.framework */; };
/* End PBXBuildFile section */

/* Begin PBXFileReference section */
		7F1ACC651F393EBE0023123D /* iPass.app */ = {isa = PBXFileReference; explicitFileType = wrapper.application; includeInIndex = 0; path = iPass.app; sourceTree = BUILT_PRODUCTS_DIR; };
		7F1ACC681F393EBE0023123D /* AppDelegate.swift */ = {isa = PBXFileReference; lastKnownFileType = sourcecode.swift; path = AppDelegate.swift; sourceTree = "<group>"; };
		7F1ACC6A1F393EBE0023123D /* ViewController.swift */ = {isa = PBXFileReference; lastKnownFileType = sourcecode.swift; path = ViewController.swift; sourceTree = "<group>"; };
		7F1ACC6D1F393EBE0023123D /* Base */ = {isa = PBXFileReference; lastKnownFileType = file.storyboard; name = Base; path = Base.lproj/Main.storyboard; sourceTree = "<group>"; };
		7F1ACC6F1F393EBE0023123D /* Assets.xcassets */ = {isa = PBXFileReference; lastKnownFileType = folder.assetcatalog; path = Assets.xcassets; sourceTree = "<group>"; };
		7F1ACC721F393EBE0023123D /* Base */ = {isa = PBXFileReference; lastKnownFileType = file.storyboard; name = Base; path = Base.lproj/LaunchScreen.storyboard; sourceTree = "<group>"; };
		7F1ACC741F393EBE0023123D /* Info.plist */ = {isa = PBXFileReference; lastKnownFileType = text.plist.xml; path = Info.plist; sourceTree = "<group>"; };
		7F1ACC7B1F396D500023123D /* LocalAuthentication.framework */ = {isa = PBXFileReference; lastKnownFileType = wrapper.framework; name = LocalAuthentication.framework; path = System/Library/Frameworks/LocalAuthentication.framework; sourceTree = SDKROOT; };
/* End PBXFileReference section */

/* Begin PBXFrameworksBuildPhase section */
		7F1ACC621F393EBE0023123D /* Frameworks */ = {
			isa = PBXFrameworksBuildPhase;
			buildActionMask = 2147483647;
			files = (
				7F1ACC7C1F396D500023123D /* LocalAuthentication.framework in Frameworks */,
			);
			runOnlyForDeploymentPostprocessing = 0;
		};
/* End PBXFrameworksBuildPhase section */

/* Begin PBXGroup section */
		7F1ACC5C1F393EBE0023123D = {
			isa = PBXGroup;
			children = (
				7F1ACC671F393EBE0023123D /* iPass */,
				7F1ACC661F393EBE0023123D /* Products */,
				7F1ACC7A1F396D500023123D /* Frameworks */,
			);
			sourceTree = "<group>";
		};
		7F1ACC661F393EBE0023123D /* Products */ = {
			isa = PBXGroup;
			children = (
				7F1ACC651F393EBE0023123D /* iPass.app */,
			);
			name = Products;
			sourceTree = "<group>";
		};
		7F1ACC671F393EBE0023123D /* iPass */ = {
			isa = PBXGroup;
			children = (
				7F1ACC681F393EBE0023123D /* AppDelegate.swift */,
				7F1ACC6A1F393EBE0023123D /* ViewController.swift */,
				7F1ACC6C1F393EBE0023123D /* Main.storyboard */,
				7F1ACC6F1F393EBE0023123D /* Assets.xcassets */,
				7F1ACC711F393EBE0023123D /* LaunchScreen.storyboard */,
				7F1ACC741F393EBE0023123D /* Info.plist */,
			);
			path = iPass;
			sourceTree = "<group>";
		};
		7F1ACC7A1F396D500023123D /* Frameworks */ = {
			isa = PBXGroup;
			children = (
				7F1ACC7B1F396D500023123D /* LocalAuthentication.framework */,
			);
			name = Frameworks;
			sourceTree = "<group>";
		};
/* End PBXGroup section */

/* Begin PBXNativeTarget section */
		7F1ACC641F393EBE0023123D /* iPass */ = {
			isa = PBXNativeTarget;
			buildConfigurationList = 7F1ACC771F393EBE0023123D /* Build configuration list for PBXNativeTarget "iPass" */;
			buildPhases = (
				7F1ACC611F393EBE0023123D /* Sources */,
				7F1ACC621F393EBE0023123D /* Frameworks */,
				7F1ACC631F393EBE0023123D /* Resources */,
			);
			buildRules = (
			);
			dependencies = (
			);
			name = iPass;
			productName = iPass;
			productReference = 7F1ACC651F393EBE0023123D /* iPass.app */;
			productType = "com.apple.product-type.application";
		};
/* End PBXNativeTarget section */

/* Begin PBXProject section */
		7F1ACC5D1F393EBE0023123D /* Project object */ = {
			isa = PBXProject;
			attributes = {
				LastSwiftUpdateCheck = 0830;
				LastUpgradeCheck = 0830;
				ORGANIZATIONNAME = "Yuto Kobayashi";
				TargetAttributes = {
					7F1ACC641F393EBE0023123D = {
						CreatedOnToolsVersion = 8.3.3;
						DevelopmentTeam = BM4U737VDH;
						ProvisioningStyle = Automatic;
					};
				};
			};
			buildConfigurationList = 7F1ACC601F393EBE0023123D /* Build configuration list for PBXProject "iPass" */;
			compatibilityVersion = "Xcode 8.0";
			developmentRegion = English;
			hasScannedForEncodings = 0;
			knownRegions = (
				en,
				Base,
			);
			mainGroup = 7F1ACC5C1F393EBE0023123D;
			productRefGroup = 7F1ACC661F393EBE0023123D /* Products */;
			projectDirPath = "";
			projectRoot = "";
			targets = (
				7F1ACC641F393EBE0023123D /* iPass */,
			);
		};
/* End PBXProject section */

/* Begin PBXResourcesBuildPhase section */
		7F1ACC631F393EBE0023123D /* Resources */ = {
			isa = PBXResourcesBuildPhase;
			buildActionMask = 2147483647;
			files = (
				7F1ACC731F393EBE0023123D /* LaunchScreen.storyboard in Resources */,
				7F1ACC701F393EBE0023123D /* Assets.xcassets in Resources */,
				7F1ACC6E1F393EBE0023123D /* Main.storyboard in Resources */,
			);
			runOnlyForDeploymentPostprocessing = 0;
		};
/* End PBXResourcesBuildPhase section */

/* Begin PBXSourcesBuildPhase section */
		7F1ACC611F393EBE0023123D /* Sources */ = {
			isa = PBXSourcesBuildPhase;
			buildActionMask = 2147483647;
			files = (
				7F1ACC6B1F393EBE0023123D /* ViewController.swift in Sources */,
				7F1ACC691F393EBE0023123D /* AppDelegate.swift in Sources */,
			);
			runOnlyForDeploymentPostprocessing = 0;
		};
/* End PBXSourcesBuildPhase section */

/* Begin PBXVariantGroup section */
		7F1ACC6C1F393EBE0023123D /* Main.storyboard */ = {
			isa = PBXVariantGroup;
			children = (
				7F1ACC6D1F393EBE0023123D /* Base */,
			);
			name = Main.storyboard;
			sourceTree = "<group>";
		};
		7F1ACC711F393EBE0023123D /* LaunchScreen.storyboard */ = {
			isa = PBXVariantGroup;
			children = (
				7F1ACC721F393EBE0023123D /* Base */,
			);
			name = LaunchScreen.storyboard;
			sourceTree = "<group>";
		};
/* End PBXVariantGroup section */

/* Begin XCBuildConfiguration section */
		7F1ACC751F393EBE0023123D /* Debug */ = {
			isa = XCBuildConfiguration;
			buildSettings = {
				ALWAYS_SEARCH_USER_PATHS = NO;
				CLANG_ANALYZER_NONNULL = YES;
				CLANG_ANALYZER_NUMBER_OBJECT_CONVERSION = YES_AGGRESSIVE;
				CLANG_CXX_LANGUAGE_STANDARD = "gnu++0x";
				CLANG_CXX_LIBRARY = "libc++";
				CLANG_ENABLE_MODULES = YES;
				CLANG_ENABLE_OBJC_ARC = YES;
				CLANG_WARN_BOOL_CONVERSION = YES;
				CLANG_WARN_CONSTANT_CONVERSION = YES;
				CLANG_WARN_DIRECT_OBJC_ISA_USAGE = YES_ERROR;
				CLANG_WARN_DOCUMENTATION_COMMENTS = YES;
				CLANG_WARN_EMPTY_BODY = YES;
				CLANG_WARN_ENUM_CONVERSION = YES;
				CLANG_WARN_INFINITE_RECURSION = YES;
				CLANG_WARN_INT_CONVERSION = YES;
				CLANG_WARN_OBJC_ROOT_CLASS = YES_ERROR;
				CLANG_WARN_SUSPICIOUS_MOVE = YES;
				CLANG_WARN_UNREACHABLE_CODE = YES;
				CLANG_WARN__DUPLICATE_METHOD_MATCH = YES;
				"CODE_SIGN_IDENTITY[sdk=iphoneos*]" = "iPhone Developer";
				COPY_PHASE_STRIP = NO;
				DEBUG_INFORMATION_FORMAT = dwarf;
				ENABLE_STRICT_OBJC_MSGSEND = YES;
				ENABLE_TESTABILITY = YES;
				GCC_C_LANGUAGE_STANDARD = gnu99;
				GCC_DYNAMIC_NO_PIC = NO;
				GCC_NO_COMMON_BLOCKS = YES;
				GCC_OPTIMIZATION_LEVEL = 0;
				GCC_PREPROCESSOR_DEFINITIONS = (
					"DEBUG=1",
					"$(inherited)",
				);
				GCC_WARN_64_TO_32_BIT_CONVERSION = YES;
				GCC_WARN_ABOUT_RETURN_TYPE = YES_ERROR;
				GCC_WARN_UNDECLARED_SELECTOR = YES;
				GCC_WARN_UNINITIALIZED_AUTOS = YES_AGGRESSIVE;
				GCC_WARN_UNUSED_FUNCTION = YES;
				GCC_WARN_UNUSED_VARIABLE = YES;
				IPHONEOS_DEPLOYMENT_TARGET = 10.3;
				MTL_ENABLE_DEBUG_INFO = YES;
				ONLY_ACTIVE_ARCH = YES;
				SDKROOT = iphoneos;
				SWIFT_ACTIVE_COMPILATION_CONDITIONS = DEBUG;
				SWIFT_OPTIMIZATION_LEVEL = "-Onone";
				TARGETED_DEVICE_FAMILY = "1,2";
			};
			name = Debug;
		};
		7F1ACC761F393EBE0023123D /* Release */ = {
			isa = XCBuildConfiguration;
			buildSettings = {
				ALWAYS_SEARCH_USER_PATHS = NO;
				CLANG_ANALYZER_NONNULL = YES;
				CLANG_ANALYZER_NUMBER_OBJECT_CONVERSION = YES_AGGRESSIVE;
				CLANG_CXX_LANGUAGE_STANDARD = "gnu++0x";
				CLANG_CXX_LIBRARY = "libc++";
				CLANG_ENABLE_MODULES = YES;
				CLANG_ENABLE_OBJC_ARC = YES;
				CLANG_WARN_BOOL_CONVERSION = YES;
				CLANG_WARN_CONSTANT_CONVERSION = YES;
				CLANG_WARN_DIRECT_OBJC_ISA_USAGE = YES_ERROR;
				CLANG_WARN_DOCUMENTATION_COMMENTS = YES;
				CLANG_WARN_EMPTY_BODY = YES;
				CLANG_WARN_ENUM_CONVERSION = YES;
				CLANG_WARN_INFINITE_RECURSION = YES;
				CLANG_WARN_INT_CONVERSION = YES;
				CLANG_WARN_OBJC_ROOT_CLASS = YES_ERROR;
				CLANG_WARN_SUSPICIOUS_MOVE = YES;
				CLANG_WARN_UNREACHABLE_CODE = YES;
				CLANG_WARN__DUPLICATE_METHOD_MATCH = YES;
				"CODE_SIGN_IDENTITY[sdk=iphoneos*]" = "iPhone Developer";
				COPY_PHASE_STRIP = NO;
				DEBUG_INFORMATION_FORMAT = "dwarf-with-dsym";
				ENABLE_NS_ASSERTIONS = NO;
				ENABLE_STRICT_OBJC_MSGSEND = YES;
				GCC_C_LANGUAGE_STANDARD = gnu99;
				GCC_NO_COMMON_BLOCKS = YES;
				GCC_WARN_64_TO_32_BIT_CONVERSION = YES;
				GCC_WARN_ABOUT_RETURN_TYPE = YES_ERROR;
				GCC_WARN_UNDECLARED_SELECTOR = YES;
				GCC_WARN_UNINITIALIZED_AUTOS = YES_AGGRESSIVE;
				GCC_WARN_UNUSED_FUNCTION = YES;
				GCC_WARN_UNUSED_VARIABLE = YES;
				IPHONEOS_DEPLOYMENT_TARGET = 10.3;
				MTL_ENABLE_DEBUG_INFO = NO;
				SDKROOT = iphoneos;
				SWIFT_OPTIMIZATION_LEVEL = "-Owholemodule";
				TARGETED_DEVICE_FAMILY = "1,2";
				VALIDATE_PRODUCT = YES;
			};
			name = Release;
		};
		7F1ACC781F393EBE0023123D /* Debug */ = {
			isa = XCBuildConfiguration;
			buildSettings = {
				ASSETCATALOG_COMPILER_APPICON_NAME = AppIcon;
				DEVELOPMENT_TEAM = BM4U737VDH;
				INFOPLIST_FILE = iPass/Info.plist;
				IPHONEOS_DEPLOYMENT_TARGET = 10.3;
				LD_RUNPATH_SEARCH_PATHS = "$(inherited) @executable_path/Frameworks";
				PRODUCT_BUNDLE_IDENTIFIER = SWTOR1217.iPass;
				PRODUCT_NAME = "$(TARGET_NAME)";
				SWIFT_VERSION = 3.0;
			};
			name = Debug;
		};
		7F1ACC791F393EBE0023123D /* Release */ = {
			isa = XCBuildConfiguration;
			buildSettings = {
				ASSETCATALOG_COMPILER_APPICON_NAME = AppIcon;
				DEVELOPMENT_TEAM = BM4U737VDH;
				INFOPLIST_FILE = iPass/Info.plist;
				IPHONEOS_DEPLOYMENT_TARGET = 10.3;
				LD_RUNPATH_SEARCH_PATHS = "$(inherited) @executable_path/Frameworks";
				PRODUCT_BUNDLE_IDENTIFIER = SWTOR1217.iPass;
				PRODUCT_NAME = "$(TARGET_NAME)";
				SWIFT_VERSION = 3.0;
			};
			name = Release;
		};
/* End XCBuildConfiguration section */

/* Begin XCConfigurationList section */
		7F1ACC601F393EBE0023123D /* Build configuration list for PBXProject "iPass" */ = {
			isa = XCConfigurationList;
			buildConfigurations = (
				7F1ACC751F393EBE0023123D /* Debug */,
				7F1ACC761F393EBE0023123D /* Release */,
			);
			defaultConfigurationIsVisible = 0;
			defaultConfigurationName = Release;
		};
		7F1ACC771F393EBE0023123D /* Build configuration list for PBXNativeTarget "iPass" */ = {
			isa = XCConfigurationList;
			buildConfigurations = (
				7F1ACC781F393EBE0023123D /* Debug */,
				7F1ACC791F393EBE0023123D /* Release */,
			);
			defaultConfigurationIsVisible = 0;
			defaultConfigurationName = Release;
		};
/* End XCConfigurationList section */
	};
	rootObject = 7F1ACC5D1F393EBE0023123D /* Project object */;
}
